
Microsoft Visual Studio Solution File, Format Version 12.00
# Visual Studio 15
VisualStudioVersion = 15.0.27825.0
MinimumVisualStudioVersion = 10.0.40219.1
Project("{FAE04EC0-301F-11D3-BF4B-00C04F79EFBC}") = "GitWebZ", "GitWebZ\GitWebZ.csproj", "{08E2B324-0409-4D75-9D21-3268A9E568F4}"
EndProject
Project("{FAE04EC0-301F-11D3-BF4B-00C04F79EFBC}") = "GitWebZ.Tests", "GitWebZ.Tests\GitWebZ.Tests.csproj", "{A7C3B13D-C6A4-43BC-9077-9AC6E72A76F3}"
EndProject
Global
	GlobalSection(SolutionConfigurationPlatforms) = preSolution
		Debug|Any CPU = Debug|Any CPU
		Release|Any CPU = Release|Any CPU
	EndGlobalSection
	GlobalSection(ProjectConfigurationPlatforms) = postSolution
		{08E2B324-0409-4D75-9D21-3268A9E568F4}.Debug|Any CPU.ActiveCfg = Debug|Any CPU
		{08E2B324-0409-4D75-9D21-3268A9E568F4}.Debug|Any CPU.Build.0 = Debug|Any CPU
		{08E2B324-0409-4D75-9D21-3268A9E568F4}.Release|Any CPU.ActiveCfg = Release|Any CPU
		{08E2B324-0409-4D75-9D21-3268A9E568F4}.Release|Any CPU.Build.0 = Release|Any CPU
		{A7C3B13D-C6A4-43BC-9077-9AC6E72A76F3}.Debug|Any CPU.ActiveCfg = Debug|Any CPU
		{A7C3B13D-C6A4-43BC-9077-9AC6E72A76F3}.Debug|Any CPU.Build.0 = Debug|Any CPU
		{A7C3B13D-C6A4-43BC-9077-9AC6E72A76F3}.Release|Any CPU.ActiveCfg = Release|Any CPU
		{A7C3B13D-C6A4-43BC-9077-9AC6E72A76F3}.Release|Any CPU.Build.0 = Release|Any CPU
	EndGlobalSection
	GlobalSection(SolutionProperties) = preSolution
		HideSolutionNode = FALSE
	EndGlobalSection
	GlobalSection(ExtensibilityGlobals) = postSolution
		SolutionGuid = {F7E4657E-7DEE-4399-BEBE-6E0A8A990E01}
	EndGlobalSection
EndGlobal
